schema: '2.0'
stages:
  data_ingestion:
    cmd: python src/data/data_ingestion.py
    deps:
    - path: src/data/data_ingestion.py
      hash: md5
      md5: caaf549d488798bd2084e75336efb97f
      size: 4219
    params:
      params.yaml:
        data_ingestion.test_size: 0.2
    outs:
    - path: data/raw
      hash: md5
      md5: b855e2bab4e21078d44844fee5be9da3.dir
      size: 6882906
      nfiles: 2
  data_preprocessing:
    cmd: python src/data/data_preprocessing.py
    deps:
    - path: data/raw/test.csv
      hash: md5
      md5: 295b88d81555e67a857db0337244e118
      size: 1341252
    - path: data/raw/train.csv
      hash: md5
      md5: 70faef66e6135c49f7f02db4a55e9fdd
      size: 5541654
    - path: src/data/data_preprocessing.py
      hash: md5
      md5: 0caf3d4322a07e68476124fa3cd75e24
      size: 3747
    outs:
    - path: data/interim
      hash: md5
      md5: a2bbccdc23dd271231099f8d5c99ff87.dir
      size: 5098055
      nfiles: 2
  model_building:
    cmd: python src/model/model_building.py
    deps:
    - path: data/interim/train_processed.csv
      hash: md5
      md5: 86284f4698366b0f2ee05c211c0e9453
      size: 4104889
    - path: src/model/model_building.py
      hash: md5
      md5: 3fa750cd3f11a64f5c293305b265b58d
      size: 6939
    params:
      params.yaml:
        model_building.C: 1.63
        model_building.class_weight: balanced
        model_building.extra_features: true
        model_building.features_list:
        - comment_length
        - word_count
        - unique_word_count
        - num_exclamations
        - num_questions
        - sentiment
        model_building.max_features: 10000
        model_building.max_iter: 1000
        model_building.multi_class: ovr
        model_building.ngram_range:
        - 1
        - 3
        model_building.penalty: l1
        model_building.random_state: 42
        model_building.smote_random_state: 42
        model_building.solver: liblinear
    outs:
    - path: logreg_model.pkl
      hash: md5
      md5: 4d31e914cd3fd81a231d3ce16fcb3e43
      size: 240914
    - path: tfidf_vectorizer.pkl
      hash: md5
      md5: 13fce702874b263cacef7257f6db9cbf
      size: 384115
  model_evaluation:
    cmd: python src/model/model_evaluation.py
    deps:
    - path: data/interim/test_processed.csv
      hash: md5
      md5: 5b260b8114240fb9c541c0d07b150b14
      size: 993166
    - path: data/interim/train_processed.csv
      hash: md5
      md5: 86284f4698366b0f2ee05c211c0e9453
      size: 4104889
    - path: logreg_model.pkl
      hash: md5
      md5: 4d31e914cd3fd81a231d3ce16fcb3e43
      size: 240914
    - path: params.yaml
      hash: md5
      md5: 720e1c4ac6c34f135c4d51e401c48164
      size: 498
    - path: src/model/model_evaluation.py
      hash: md5
      md5: 61baf563020423c5f461013768e2223f
      size: 9366
    - path: tfidf_vectorizer.pkl
      hash: md5
      md5: 13fce702874b263cacef7257f6db9cbf
      size: 384115
    outs:
    - path: experiment_info.json
      hash: md5
      md5: fe55a0ea71df4359a87a8243c5623e69
      size: 122
  model_registration:
    cmd: python src/model/register_model.py
    deps:
    - path: experiment_info.json
      hash: md5
      md5: fe55a0ea71df4359a87a8243c5623e69
      size: 122
    - path: src/model/register_model.py
      hash: md5
      md5: 1db7b9439bba7d4b56297d17d35f0667
      size: 4107
